
Microsoft Visual Studio Solution File, Format Version 12.00
Project("{FAE04EC0-301F-11D3-BF4B-00C04F79EFBC}") = "chatters", "chatters\chatters.csproj", "{DC5BB80C-179A-40AD-BAC3-2FF09BADA8AB}"
EndProject
Project("{FAE04EC0-301F-11D3-BF4B-00C04F79EFBC}") = "chattersfront", "chattersfront\chattersfront.csproj", "{943F525A-449C-4418-ADC7-9B150624D7C3}"
EndProject
Project("{FAE04EC0-301F-11D3-BF4B-00C04F79EFBC}") = "ChattersFrontend", "ChattersFrontend\ChattersFrontend.csproj", "{A9AEA34F-0F18-4837-B1D7-BE74D14ED1F1}"
EndProject
Global
	GlobalSection(SolutionConfigurationPlatforms) = preSolution
		Debug|Any CPU = Debug|Any CPU
		Release|Any CPU = Release|Any CPU
	EndGlobalSection
	GlobalSection(ProjectConfigurationPlatforms) = postSolution
		{DC5BB80C-179A-40AD-BAC3-2FF09BADA8AB}.Debug|Any CPU.ActiveCfg = Debug|Any CPU
		{DC5BB80C-179A-40AD-BAC3-2FF09BADA8AB}.Debug|Any CPU.Build.0 = Debug|Any CPU
		{DC5BB80C-179A-40AD-BAC3-2FF09BADA8AB}.Release|Any CPU.ActiveCfg = Release|Any CPU
		{DC5BB80C-179A-40AD-BAC3-2FF09BADA8AB}.Release|Any CPU.Build.0 = Release|Any CPU
		{943F525A-449C-4418-ADC7-9B150624D7C3}.Debug|Any CPU.ActiveCfg = Debug|Any CPU
		{943F525A-449C-4418-ADC7-9B150624D7C3}.Debug|Any CPU.Build.0 = Debug|Any CPU
		{943F525A-449C-4418-ADC7-9B150624D7C3}.Release|Any CPU.ActiveCfg = Release|Any CPU
		{943F525A-449C-4418-ADC7-9B150624D7C3}.Release|Any CPU.Build.0 = Release|Any CPU
		{A9AEA34F-0F18-4837-B1D7-BE74D14ED1F1}.Debug|Any CPU.ActiveCfg = Debug|Any CPU
		{A9AEA34F-0F18-4837-B1D7-BE74D14ED1F1}.Debug|Any CPU.Build.0 = Debug|Any CPU
		{A9AEA34F-0F18-4837-B1D7-BE74D14ED1F1}.Release|Any CPU.ActiveCfg = Release|Any CPU
		{A9AEA34F-0F18-4837-B1D7-BE74D14ED1F1}.Release|Any CPU.Build.0 = Release|Any CPU
	EndGlobalSection
EndGlobal
